#MicroXplorer Configuration settings - do not modify
ADC1.Channel-0\#ChannelRegularConversion=ADC_CHANNEL_VREFINT
ADC1.Channel-1\#ChannelRegularConversion=ADC_CHANNEL_0
ADC1.Channel-2\#ChannelRegularConversion=ADC_CHANNEL_1
ADC1.Channel-IN=ADC_CHANNEL_VREFINT
ADC1.Channel-IN0=ADC_CHANNEL_0
ADC1.Channel-IN1=ADC_CHANNEL_1
ADC1.ContinuousConvMode=ENABLE
ADC1.DataAlign=ADC_DATAALIGN_RIGHT
ADC1.DiscontinuousConvMode=DISABLE
ADC1.EnableAnalogWatchDog=false
ADC1.EnableInjectedConversion=DISABLE
ADC1.EnableRegularConversion=ENABLE
ADC1.ExternalTrigConv=ADC_SOFTWARE_START
ADC1.IPParameters=Channel-IN0,Channel-IN1,Channel-IN,Mode,DataAlign,ScanConvMode,ContinuousConvMode,DiscontinuousConvMode,EnableRegularConversion,NbrOfConversion,ExternalTrigConv,EnableInjectedConversion,EnableAnalogWatchDog,Rank-0\#ChannelRegularConversion,SamplingTime-0\#ChannelRegularConversion,Rank-1\#ChannelRegularConversion,Channel-1\#ChannelRegularConversion,SamplingTime-1\#ChannelRegularConversion,Rank-2\#ChannelRegularConversion,Channel-2\#ChannelRegularConversion,SamplingTime-2\#ChannelRegularConversion,master,Channel-0\#ChannelRegularConversion
ADC1.Mode=__NULL
ADC1.NbrOfConversion=3
ADC1.Rank-0\#ChannelRegularConversion=1
ADC1.Rank-1\#ChannelRegularConversion=2
ADC1.Rank-2\#ChannelRegularConversion=3
ADC1.SamplingTime-0\#ChannelRegularConversion=ADC_SAMPLETIME_239CYCLES_5
ADC1.SamplingTime-1\#ChannelRegularConversion=ADC_SAMPLETIME_239CYCLES_5
ADC1.SamplingTime-2\#ChannelRegularConversion=ADC_SAMPLETIME_239CYCLES_5
ADC1.ScanConvMode=ADC_SCAN_ENABLE
ADC1.master=1
CAD.formats=
CAD.pinconfig=
CAD.provider=
Dma.ADC1.0.Direction=DMA_PERIPH_TO_MEMORY
Dma.ADC1.0.Instance=DMA1_Channel1
Dma.ADC1.0.MemDataAlignment=DMA_MDATAALIGN_HALFWORD
Dma.ADC1.0.MemInc=DMA_MINC_ENABLE
Dma.ADC1.0.Mode=DMA_CIRCULAR
Dma.ADC1.0.PeriphDataAlignment=DMA_PDATAALIGN_HALFWORD
Dma.ADC1.0.PeriphInc=DMA_PINC_DISABLE
Dma.ADC1.0.Priority=DMA_PRIORITY_LOW
Dma.ADC1.0.RequestParameters=Instance,Direction,PeriphInc,MemInc,PeriphDataAlignment,MemDataAlignment,Mode,Priority
Dma.Request0=ADC1
Dma.Request1=SPI1_TX
Dma.RequestsNb=2
Dma.SPI1_TX.1.Direction=DMA_MEMORY_TO_PERIPH
Dma.SPI1_TX.1.Instance=DMA1_Channel3
Dma.SPI1_TX.1.MemDataAlignment=DMA_MDATAALIGN_BYTE
Dma.SPI1_TX.1.MemInc=DMA_MINC_ENABLE
Dma.SPI1_TX.1.Mode=DMA_NORMAL
Dma.SPI1_TX.1.PeriphDataAlignment=DMA_PDATAALIGN_BYTE
Dma.SPI1_TX.1.PeriphInc=DMA_PINC_DISABLE
Dma.SPI1_TX.1.Priority=DMA_PRIORITY_VERY_HIGH
Dma.SPI1_TX.1.RequestParameters=Instance,Direction,PeriphInc,MemInc,PeriphDataAlignment,MemDataAlignment,Mode,Priority
File.Version=6
GPIO.groupedBy=Group By Peripherals
I2C1.AddressingMode=I2C_ADDRESSINGMODE_7BIT
I2C1.ClockSpeed=100000
I2C1.DualAddressMode=I2C_DUALADDRESS_DISABLE
I2C1.GeneralCallMode=I2C_GENERALCALL_DISABLE
I2C1.I2C_Mode=I2C_Standard
I2C1.IPParameters=I2C_Mode,ClockSpeed,NoStretchMode,AddressingMode,DualAddressMode,OwnAddress,GeneralCallMode
I2C1.NoStretchMode=I2C_NOSTRETCH_DISABLE
I2C1.OwnAddress=0
KeepUserPlacement=false
Mcu.CPN=STM32F103CBT6
Mcu.Family=STM32F1
Mcu.IP0=ADC1
Mcu.IP1=DMA
Mcu.IP10=TIM4
Mcu.IP2=I2C1
Mcu.IP3=NVIC
Mcu.IP4=RCC
Mcu.IP5=RTC
Mcu.IP6=SPI1
Mcu.IP7=SYS
Mcu.IP8=TIM1
Mcu.IP9=TIM2
Mcu.IPNb=11
Mcu.Name=STM32F103C(8-B)Tx
Mcu.Package=LQFP48
Mcu.Pin0=PC14-OSC32_IN
Mcu.Pin1=PC15-OSC32_OUT
Mcu.Pin10=PB1
Mcu.Pin11=PB2
Mcu.Pin12=PB10
Mcu.Pin13=PB11
Mcu.Pin14=PA8
Mcu.Pin15=PA9
Mcu.Pin16=PA10
Mcu.Pin17=PA11
Mcu.Pin18=PA13
Mcu.Pin19=PA14
Mcu.Pin2=PD0-OSC_IN
Mcu.Pin20=PB8
Mcu.Pin21=PB9
Mcu.Pin22=VP_ADC1_Vref_Input
Mcu.Pin23=VP_RTC_VS_RTC_Activate
Mcu.Pin24=VP_RTC_VS_RTC_Calendar
Mcu.Pin25=VP_SYS_VS_Systick
Mcu.Pin26=VP_TIM4_VS_ClockSourceINT
Mcu.Pin3=PD1-OSC_OUT
Mcu.Pin4=PA0-WKUP
Mcu.Pin5=PA1
Mcu.Pin6=PA5
Mcu.Pin7=PA6
Mcu.Pin8=PA7
Mcu.Pin9=PB0
Mcu.PinsNb=27
Mcu.ThirdPartyNb=0
Mcu.UserConstants=
Mcu.UserName=STM32F103CBTx
MxCube.Version=6.14.1
MxDb.Version=DB.6.0.141
NVIC.BusFault_IRQn=true\:0\:0\:false\:false\:true\:false\:false\:false
NVIC.DMA1_Channel1_IRQn=true\:7\:0\:true\:false\:true\:false\:true\:true
NVIC.DMA1_Channel3_IRQn=true\:0\:0\:false\:false\:true\:false\:true\:true
NVIC.DebugMonitor_IRQn=true\:0\:0\:false\:false\:true\:false\:false\:false
NVIC.EXTI15_10_IRQn=true\:6\:0\:true\:false\:true\:true\:true\:true
NVIC.ForceEnableDMAVector=true
NVIC.HardFault_IRQn=true\:0\:0\:false\:false\:true\:false\:false\:false
NVIC.MemoryManagement_IRQn=true\:0\:0\:false\:false\:true\:false\:false\:false
NVIC.NonMaskableInt_IRQn=true\:0\:0\:false\:false\:true\:false\:false\:false
NVIC.PendSV_IRQn=true\:0\:0\:false\:false\:true\:false\:false\:false
NVIC.PriorityGroup=NVIC_PRIORITYGROUP_4
NVIC.RTC_Alarm_IRQn=true\:4\:0\:true\:false\:true\:true\:true\:true
NVIC.SVCall_IRQn=true\:0\:0\:false\:false\:true\:false\:false\:false
NVIC.SysTick_IRQn=true\:15\:0\:false\:false\:true\:false\:true\:false
NVIC.TIM4_IRQn=true\:5\:0\:true\:false\:true\:true\:true\:true
NVIC.UsageFault_IRQn=true\:0\:0\:false\:false\:true\:false\:false\:false
PA0-WKUP.Signal=ADCx_IN0
PA1.Signal=ADCx_IN1
PA10.GPIOParameters=GPIO_ModeDefaultEXTI
PA10.GPIO_ModeDefaultEXTI=GPIO_MODE_IT_FALLING
PA10.Signal=GPXTI10
PA11.Signal=GPIO_Input
PA13.Mode=Serial_Wire
PA13.Signal=SYS_JTMS-SWDIO
PA14.Mode=Serial_Wire
PA14.Signal=SYS_JTCK-SWCLK
PA5.Mode=Full_Duplex_Master
PA5.Signal=SPI1_SCK
PA6.Mode=Full_Duplex_Master
PA6.Signal=SPI1_MISO
PA7.Mode=Full_Duplex_Master
PA7.Signal=SPI1_MOSI
PA8.Signal=S_TIM1_CH1
PA9.Signal=S_TIM1_CH2
PB0.GPIOParameters=GPIO_Label
PB0.GPIO_Label=CS
PB0.Signal=GPIO_Output
PB1.GPIOParameters=GPIO_Label
PB1.GPIO_Label=RST
PB1.Signal=GPIO_Output
PB10.Signal=S_TIM2_CH3
PB11.Locked=true
PB11.Signal=S_TIM2_CH4
PB2.GPIOParameters=GPIO_Label
PB2.GPIO_Label=DC
PB2.Signal=GPIO_Output
PB8.Mode=I2C
PB8.Signal=I2C1_SCL
PB9.Mode=I2C
PB9.Signal=I2C1_SDA
PC14-OSC32_IN.Mode=LSE-External-Oscillator
PC14-OSC32_IN.Signal=RCC_OSC32_IN
PC15-OSC32_OUT.Mode=LSE-External-Oscillator
PC15-OSC32_OUT.Signal=RCC_OSC32_OUT
PD0-OSC_IN.Mode=HSE-External-Oscillator
PD0-OSC_IN.Signal=RCC_OSC_IN
PD1-OSC_OUT.Mode=HSE-External-Oscillator
PD1-OSC_OUT.Signal=RCC_OSC_OUT
PinOutPanel.RotationAngle=0
ProjectManager.AskForMigrate=true
ProjectManager.BackupPrevious=false
ProjectManager.CompilerLinker=GCC
ProjectManager.CompilerOptimize=6
ProjectManager.ComputerToolchain=false
ProjectManager.CoupleFile=false
ProjectManager.CustomerFirmwarePackage=C\:\\Users\\Root\\STM32Cube\\Repository\\STM32Cube_FW_F1_V1.8.0
ProjectManager.DefaultFWLocation=false
ProjectManager.DeletePrevious=true
ProjectManager.DeviceId=STM32F103CBTx
ProjectManager.FirmwarePackage=STM32Cube FW_F1 V1.8.6
ProjectManager.FreePins=false
ProjectManager.HalAssertFull=false
ProjectManager.HeapSize=0x200
ProjectManager.KeepUserCode=true
ProjectManager.LastFirmware=true
ProjectManager.LibraryCopy=1
ProjectManager.MainLocation=Core/Src
ProjectManager.NoMain=false
ProjectManager.PreviousToolchain=STM32CubeIDE
ProjectManager.ProjectBuild=false
ProjectManager.ProjectFileName=present_cbt6.ioc
ProjectManager.ProjectName=present_cbt6
ProjectManager.ProjectStructure=
ProjectManager.RegisterCallBack=
ProjectManager.StackSize=0x400
ProjectManager.TargetToolchain=STM32CubeIDE
ProjectManager.ToolChainLocation=
ProjectManager.UAScriptAfterPath=
ProjectManager.UAScriptBeforePath=
ProjectManager.UnderRoot=true
ProjectManager.functionlistsort=1-SystemClock_Config-RCC-false-HAL-false,2-MX_GPIO_Init-GPIO-false-HAL-true,3-MX_DMA_Init-DMA-false-HAL-true,4-MX_TIM2_Init-TIM2-false-HAL-true,5-MX_I2C1_Init-I2C1-false-HAL-true,6-MX_ADC1_Init-ADC1-false-HAL-true,7-MX_SPI1_Init-SPI1-false-HAL-true,8-MX_TIM1_Init-TIM1-false-HAL-true,9-MX_RTC_Init-RTC-false-HAL-true,10-MX_TIM4_Init-TIM4-false-HAL-true
RCC.ADCFreqValue=12000000
RCC.ADCPresc=RCC_ADCPCLK2_DIV6
RCC.AHBFreq_Value=72000000
RCC.APB1CLKDivider=RCC_HCLK_DIV2
RCC.APB1Freq_Value=36000000
RCC.APB1TimFreq_Value=72000000
RCC.APB2Freq_Value=72000000
RCC.APB2TimFreq_Value=72000000
RCC.FCLKCortexFreq_Value=72000000
RCC.FLatency=FLASH_LATENCY_2
RCC.FamilyName=M
RCC.HCLKFreq_Value=72000000
RCC.HSEDivPLL=RCC_HSE_PREDIV_DIV2
RCC.HSE_VALUE=16000000
RCC.IPParameters=ADCFreqValue,ADCPresc,AHBFreq_Value,APB1CLKDivider,APB1Freq_Value,APB1TimFreq_Value,APB2Freq_Value,APB2TimFreq_Value,FCLKCortexFreq_Value,FLatency,FamilyName,HCLKFreq_Value,HSEDivPLL,HSE_VALUE,MCOFreq_Value,PLLCLKFreq_Value,PLLMCOFreq_Value,PLLMUL,PLLSourceVirtual,RTCClockSelection,RTCFreq_Value,SYSCLKFreq_VALUE,SYSCLKSource,TimSysFreq_Value,USBFreq_Value,VCOOutput2Freq_Value
RCC.MCOFreq_Value=72000000
RCC.PLLCLKFreq_Value=72000000
RCC.PLLMCOFreq_Value=36000000
RCC.PLLMUL=RCC_PLL_MUL9
RCC.PLLSourceVirtual=RCC_PLLSOURCE_HSE
RCC.RTCClockSelection=RCC_RTCCLKSOURCE_LSE
RCC.RTCFreq_Value=32768
RCC.SYSCLKFreq_VALUE=72000000
RCC.SYSCLKSource=RCC_SYSCLKSOURCE_PLLCLK
RCC.TimSysFreq_Value=72000000
RCC.USBFreq_Value=72000000
RCC.VCOOutput2Freq_Value=8000000
RTC.AsynchPrediv=32767
RTC.AutoPrediv=0
RTC.Date=3
RTC.Format=RTC_FORMAT_BIN
RTC.Hours=14
RTC.IPParameters=Format,AutoPrediv,AsynchPrediv,OutPut,Hours,Minutes,Seconds,WeekDay,Month,Date,Year
RTC.Minutes=0
RTC.Month=RTC_MONTH_FEBRUARY
RTC.OutPut=RTC_OUTPUTSOURCE_ALARM
RTC.Seconds=0
RTC.WeekDay=RTC_WEEKDAY_TUESDAY
RTC.Year=26
SH.ADCx_IN0.0=ADC1_IN0,IN0
SH.ADCx_IN0.ConfNb=1
SH.ADCx_IN1.0=ADC1_IN1,IN1
SH.ADCx_IN1.ConfNb=1
SH.GPXTI10.0=GPIO_EXTI10
SH.GPXTI10.ConfNb=1
SH.S_TIM1_CH1.0=TIM1_CH1,Encoder_Interface
SH.S_TIM1_CH1.ConfNb=1
SH.S_TIM1_CH2.0=TIM1_CH2,Encoder_Interface
SH.S_TIM1_CH2.ConfNb=1
SH.S_TIM2_CH3.0=TIM2_CH3,PWM Generation3 CH3
SH.S_TIM2_CH3.ConfNb=1
SH.S_TIM2_CH4.0=TIM2_CH4,PWM Generation4 CH4
SH.S_TIM2_CH4.ConfNb=1
SPI1.BaudRatePrescaler=SPI_BAUDRATEPRESCALER_4
SPI1.CLKPhase=SPI_PHASE_1EDGE
SPI1.CLKPolarity=SPI_POLARITY_LOW
SPI1.CRCCalculation=SPI_CRCCALCULATION_DISABLE
SPI1.CalculateBaudRate=18.0 MBits/s
SPI1.DataSize=SPI_DATASIZE_8BIT
SPI1.Direction=SPI_DIRECTION_2LINES
SPI1.FirstBit=SPI_FIRSTBIT_MSB
SPI1.IPParameters=TIMode,DataSize,FirstBit,BaudRatePrescaler,CLKPolarity,CLKPhase,CRCCalculation,NSS,VirtualType,Mode,Direction,CalculateBaudRate
SPI1.Mode=SPI_MODE_MASTER
SPI1.NSS=SPI_NSS_SOFT
SPI1.TIMode=SPI_TIMODE_DISABLE
SPI1.VirtualType=VM_MASTER
TIM1.AutoReloadPreload=TIM_AUTORELOAD_PRELOAD_ENABLE
TIM1.ClockDivision=TIM_CLOCKDIVISION_DIV1
TIM1.CounterMode=TIM_COUNTERMODE_UP
TIM1.EncoderMode=TIM_ENCODERMODE_TI1
TIM1.IC1Filter=8
TIM1.IC1Polarity=TIM_ICPOLARITY_FALLING
TIM1.IC1Prescaler=TIM_ICPSC_DIV1
TIM1.IC1Selection=TIM_ICSELECTION_DIRECTTI
TIM1.IC2Filter=8
TIM1.IC2Polarity=TIM_ICPOLARITY_FALLING
TIM1.IC2Prescaler=TIM_ICPSC_DIV1
TIM1.IC2Selection=TIM_ICSELECTION_DIRECTTI
TIM1.IPParameters=Prescaler,CounterMode,Period,ClockDivision,RepetitionCounter,AutoReloadPreload,TIM_MasterSlaveMode,TIM_MasterOutputTrigger,EncoderMode,IC1Polarity,IC1Selection,IC1Prescaler,IC1Filter,IC2Polarity,IC2Selection,IC2Prescaler,IC2Filter
TIM1.Period=65535
TIM1.Prescaler=0
TIM1.RepetitionCounter=0
TIM1.TIM_MasterOutputTrigger=TIM_TRGO_RESET
TIM1.TIM_MasterSlaveMode=TIM_MASTERSLAVEMODE_DISABLE
TIM2.AutoReloadPreload=TIM_AUTORELOAD_PRELOAD_ENABLE
TIM2.Channel-PWM\ Generation3\ CH3=TIM_CHANNEL_3
TIM2.Channel-PWM\ Generation4\ CH4=TIM_CHANNEL_4
TIM2.ClockDivision=TIM_CLOCKDIVISION_DIV1
TIM2.CounterMode=TIM_COUNTERMODE_UP
TIM2.IPParameters=Prescaler,CounterMode,Period,ClockDivision,AutoReloadPreload,TIM_MasterSlaveMode,TIM_MasterOutputTrigger,OCMode_PWM-PWM Generation3 CH3,Pulse-PWM Generation3 CH3,OC3Preload_PWM,OCFastMode_PWM-PWM Generation3 CH3,OCPolarity_3,Channel-PWM Generation3 CH3,Channel-PWM Generation4 CH4,Pulse-PWM Generation4 CH4
TIM2.OC3Preload_PWM=ENABLE
TIM2.OCFastMode_PWM-PWM\ Generation3\ CH3=TIM_OCFAST_DISABLE
TIM2.OCMode_PWM-PWM\ Generation3\ CH3=TIM_OCMODE_PWM1
TIM2.OCPolarity_3=TIM_OCPOLARITY_HIGH
TIM2.Period=36000
TIM2.Prescaler=0
TIM2.Pulse-PWM\ Generation3\ CH3=12000
TIM2.Pulse-PWM\ Generation4\ CH4=36000/2
TIM2.TIM_MasterOutputTrigger=TIM_TRGO_RESET
TIM2.TIM_MasterSlaveMode=TIM_MASTERSLAVEMODE_DISABLE
TIM4.AutoReloadPreload=TIM_AUTORELOAD_PRELOAD_ENABLE
TIM4.ClockDivision=TIM_CLOCKDIVISION_DIV1
TIM4.CounterMode=TIM_COUNTERMODE_UP
TIM4.IPParameters=Prescaler,CounterMode,Period,ClockDivision,AutoReloadPreload,TIM_MasterSlaveMode,TIM_MasterOutputTrigger
TIM4.Period=50000
TIM4.Prescaler=287
TIM4.TIM_MasterOutputTrigger=TIM_TRGO_RESET
TIM4.TIM_MasterSlaveMode=TIM_MASTERSLAVEMODE_DISABLE
VP_ADC1_Vref_Input.Mode=IN-Vrefint
VP_ADC1_Vref_Input.Signal=ADC1_Vref_Input
VP_RTC_VS_RTC_Activate.Mode=RTC_Enabled
VP_RTC_VS_RTC_Activate.Signal=RTC_VS_RTC_Activate
VP_RTC_VS_RTC_Calendar.Mode=RTC_Calendar
VP_RTC_VS_RTC_Calendar.Signal=RTC_VS_RTC_Calendar
VP_SYS_VS_Systick.Mode=SysTick
VP_SYS_VS_Systick.Signal=SYS_VS_Systick
VP_TIM4_VS_ClockSourceINT.Mode=Internal
VP_TIM4_VS_ClockSourceINT.Signal=TIM4_VS_ClockSourceINT
board=custom
